
Microsoft Visual Studio Solution File, Format Version 12.00
# Visual Studio Version 16
VisualStudioVersion = 16.0.31829.152
MinimumVisualStudioVersion = 10.0.40219.1
Project("{9A19103F-16F7-4668-BE54-9A1E7A4F7556}") = "API", "Inventory\API.csproj", "{B3366B19-AF96-488A-8108-BEFDD224A81F}"
EndProject
Project("{FAE04EC0-301F-11D3-BF4B-00C04F79EFBC}") = "Data", "Data\Data.csproj", "{6B2723C9-24B0-4D51-915A-EEE766E3B5AB}"
EndProject
Global
	GlobalSection(SolutionConfigurationPlatforms) = preSolution
		Debug|Any CPU = Debug|Any CPU
		Release|Any CPU = Release|Any CPU
	EndGlobalSection
	GlobalSection(ProjectConfigurationPlatforms) = postSolution
		{B3366B19-AF96-488A-8108-BEFDD224A81F}.Debug|Any CPU.ActiveCfg = Debug|Any CPU
		{B3366B19-AF96-488A-8108-BEFDD224A81F}.Debug|Any CPU.Build.0 = Debug|Any CPU
		{B3366B19-AF96-488A-8108-BEFDD224A81F}.Release|Any CPU.ActiveCfg = Release|Any CPU
		{B3366B19-AF96-488A-8108-BEFDD224A81F}.Release|Any CPU.Build.0 = Release|Any CPU
		{6B2723C9-24B0-4D51-915A-EEE766E3B5AB}.Debug|Any CPU.ActiveCfg = Debug|Any CPU
		{6B2723C9-24B0-4D51-915A-EEE766E3B5AB}.Debug|Any CPU.Build.0 = Debug|Any CPU
		{6B2723C9-24B0-4D51-915A-EEE766E3B5AB}.Release|Any CPU.ActiveCfg = Release|Any CPU
		{6B2723C9-24B0-4D51-915A-EEE766E3B5AB}.Release|Any CPU.Build.0 = Release|Any CPU
	EndGlobalSection
	GlobalSection(SolutionProperties) = preSolution
		HideSolutionNode = FALSE
	EndGlobalSection
	GlobalSection(ExtensibilityGlobals) = postSolution
		SolutionGuid = {4131EADE-6193-4228-9766-E0CFED7F5739}
	EndGlobalSection
EndGlobal
